{
  "name": "tglc-zxcvbn-fix",
  "version": "1.0.0",
  "lockfileVersion": 1,
  "requires": true,
  "dependencies": {
    "@zxcvbn-ts/core": {
      "version": "3.0.4",
      "resolved": "https://registry.npmjs.org/@zxcvbn-ts/core/-/core-3.0.4.tgz",
      "integrity": "sha512-aQeiT0F09FuJaAqNrxynlAwZ2mW/1MdXakKWNmGM1Qp/VaY6CnB/GfnMS2T8gB2231Esp1/maCWd8vTG4OuShw==",
      "requires": {
        "fastest-levenshtein": "1.0.16"
      }
    },
    "@zxcvbn-ts/language-common": {
      "version": "3.0.4",
      "resolved": "https://registry.npmjs.org/@zxcvbn-ts/language-common/-/language-common-3.0.4.tgz",
      "integrity": "sha512-viSNNnRYtc7ULXzxrQIVUNwHAPSXRtoIwy/Tq4XQQdIknBzw4vz36lQLF6mvhMlTIlpjoN/Z1GFu/fwiAlUSsw=="
    },
    "fastest-levenshtein": {
      "version": "1.0.16",
      "resolved": "https://registry.npmjs.org/fastest-levenshtein/-/fastest-levenshtein-1.0.16.tgz",
      "integrity": "sha512-eRnCtTTtGZFpQCwhJiUOuxPQWRXVKYDn0b2PeHfXL6/Zi53SLAzAHfVhVWK2AryC/WH05kGfxhFIPvTF0SXQzg=="
    },
    "uglify-js": {
      "version": "3.19.3",
      "resolved": "https://registry.npmjs.org/uglify-js/-/uglify-js-3.19.3.tgz",
      "integrity": "sha512-v3Xu+yuwBXisp6QYTcH4UbH+xYJXqnq2m/LtQVWKWzYc1iehYnLixoQDN9FH6/j9/oybfd6W9Ghwkl8+UMKTKQ==",
      "dev": true
    }
  }
}
